
Microsoft Visual Studio Solution File, Format Version 12.00
# Visual Studio Version 17
VisualStudioVersion = 17.14.36518.9 d17.14
MinimumVisualStudioVersion = 10.0.40219.1
Project("{FAE04EC0-301F-11D3-BF4B-00C04F79EFBC}") = "Presentation.WPFApp", "Presentation.WPFApp\Presentation.WPFApp.csproj", "{15D431AD-47FB-4094-BB85-82DA98981C67}"
EndProject
Global
	GlobalSection(SolutionConfigurationPlatforms) = preSolution
		Debug|Any CPU = Debug|Any CPU
		Release|Any CPU = Release|Any CPU
	EndGlobalSection
	GlobalSection(ProjectConfigurationPlatforms) = postSolution
		{15D431AD-47FB-4094-BB85-82DA98981C67}.Debug|Any CPU.ActiveCfg = Debug|Any CPU
		{15D431AD-47FB-4094-BB85-82DA98981C67}.Debug|Any CPU.Build.0 = Debug|Any CPU
		{15D431AD-47FB-4094-BB85-82DA98981C67}.Release|Any CPU.ActiveCfg = Release|Any CPU
		{15D431AD-47FB-4094-BB85-82DA98981C67}.Release|Any CPU.Build.0 = Release|Any CPU
	EndGlobalSection
	GlobalSection(SolutionProperties) = preSolution
		HideSolutionNode = FALSE
	EndGlobalSection
	GlobalSection(ExtensibilityGlobals) = postSolution
		SolutionGuid = {B2388D87-21DD-45ED-8442-F4AA6D90EBFB}
	EndGlobalSection
EndGlobal
